{
  "nodes": {
    "advisory-db": {
      "flake": false,
      "locked": {
        "lastModified": 1710515894,
        "narHash": "sha256-tmQ9TMCb2jZY3jYdf53qIberkYV3dnUzdAYYK/NB+No=",
        "owner": "rustsec",
        "repo": "advisory-db",
        "rev": "369d98c1b95b7b56d0859605916d7b81a7d1f1c4",
        "type": "github"
      },
      "original": {
        "owner": "rustsec",
        "repo": "advisory-db",
        "type": "github"
      }
    },
    "brew-src": {
      "flake": false,
      "locked": {
        "lastModified": 1731323744,
        "narHash": "sha256-SxUQm4cTHcaoPQHoXe26ZV8cZiMWBGow8MjE4L+MckM=",
        "owner": "Homebrew",
        "repo": "brew",
        "rev": "254bf3fe9d8fa2e1b2fb55dbcf535b2d870180c4",
        "type": "github"
      },
      "original": {
        "owner": "Homebrew",
        "ref": "4.4.5",
        "repo": "brew",
        "type": "github"
      }
    },
    "crane": {
      "inputs": {
        "nixpkgs": [
          "nix-your-shell",
          "nixpkgs"
        ]
      },
      "locked": {
        "lastModified": 1710886643,
        "narHash": "sha256-saTZuv9YeZ9COHPuj8oedGdUwJZcbQ3vyRqe7NVJMsQ=",
        "owner": "ipetkov",
        "repo": "crane",
        "rev": "5bace74e9a65165c918205cf67ad3977fe79c584",
        "type": "github"
      },
      "original": {
        "owner": "ipetkov",
        "repo": "crane",
        "type": "github"
      }
    },
    "darwin": {
      "inputs": {
        "nixpkgs": [
          "nixpkgs"
        ]
      },
      "locked": {
        "lastModified": 1733105089,
        "narHash": "sha256-Qs3YmoLYUJ8g4RkFj2rMrzrP91e4ShAioC9s+vG6ENM=",
        "owner": "LnL7",
        "repo": "nix-darwin",
        "rev": "c6b65d946097baf3915dd51373251de98199280d",
        "type": "github"
      },
      "original": {
        "owner": "LnL7",
        "ref": "master",
        "repo": "nix-darwin",
        "type": "github"
      }
    },
    "disko": {
      "inputs": {
        "nixpkgs": [
          "nixpkgs"
        ]
      },
      "locked": {
        "lastModified": 1733168902,
        "narHash": "sha256-8dupm9GfK+BowGdQd7EHK5V61nneLfr9xR6sc5vtDi0=",
        "owner": "nix-community",
        "repo": "disko",
        "rev": "785c1e02c7e465375df971949b8dcbde9ec362e5",
        "type": "github"
      },
      "original": {
        "owner": "nix-community",
        "repo": "disko",
        "type": "github"
      }
    },
    "flake-utils": {
      "inputs": {
        "systems": "systems"
      },
      "locked": {
        "lastModified": 1710146030,
        "narHash": "sha256-SZ5L6eA7HJ/nmkzGG7/ISclqe6oZdOZTNoesiInkXPQ=",
        "owner": "numtide",
        "repo": "flake-utils",
        "rev": "b1d9ab70662946ef0850d488da1c9019f3a9752a",
        "type": "github"
      },
      "original": {
        "owner": "numtide",
        "repo": "flake-utils",
        "type": "github"
      }
    },
    "home-manager": {
      "inputs": {
        "nixpkgs": "nixpkgs"
      },
      "locked": {
        "lastModified": 1733175814,
        "narHash": "sha256-zFOtOaqjzZfPMsm1mwu98syv3y+jziAq5DfWygaMtLg=",
        "owner": "nix-community",
        "repo": "home-manager",
        "rev": "bf23fe41082aa0289c209169302afd3397092f22",
        "type": "github"
      },
      "original": {
        "owner": "nix-community",
        "repo": "home-manager",
        "type": "github"
      }
    },
    "homebrew-bundle": {
      "flake": false,
      "locked": {
        "lastModified": 1733274000,
        "narHash": "sha256-jKkCZZRg/8dSy2npKwIaB4tmoTGraS61bEZlfNefd5Y=",
        "owner": "homebrew",
        "repo": "homebrew-bundle",
        "rev": "d5fa3b33998880c8f91aa9ab3c12e4827bcbfc53",
        "type": "github"
      },
      "original": {
        "owner": "homebrew",
        "repo": "homebrew-bundle",
        "type": "github"
      }
    },
    "homebrew-cask": {
      "flake": false,
      "locked": {
        "lastModified": 1733287214,
        "narHash": "sha256-2aKIZ/z6I8L94/OynqjJtehPWfQoARfYICWs2PgNQHc=",
        "owner": "homebrew",
        "repo": "homebrew-cask",
        "rev": "43642cc2950f52337e576bc021e56478ae84e2e0",
        "type": "github"
      },
      "original": {
        "owner": "homebrew",
        "repo": "homebrew-cask",
        "type": "github"
      }
    },
    "homebrew-core": {
      "flake": false,
      "locked": {
        "lastModified": 1733287038,
        "narHash": "sha256-h3c3tfrDAQlRTT2a76v8/7gL9bC5T9iiBv6S76jgQaU=",
        "owner": "homebrew",
        "repo": "homebrew-core",
        "rev": "82057d5c69e0013bae723e45cfbb618dd80f82a2",
        "type": "github"
      },
      "original": {
        "owner": "homebrew",
        "repo": "homebrew-core",
        "type": "github"
      }
    },
    "nix-darwin": {
      "inputs": {
        "nixpkgs": "nixpkgs_2"
      },
      "locked": {
        "lastModified": 1716329735,
        "narHash": "sha256-ap51w+VqG21vuzyQ04WrhI2YbWHd3UGz0e7dc/QQmoA=",
        "owner": "LnL7",
        "repo": "nix-darwin",
        "rev": "eac4f25028c1975a939c8f8fba95c12f8a25e01c",
        "type": "github"
      },
      "original": {
        "owner": "LnL7",
        "repo": "nix-darwin",
        "type": "github"
      }
    },
    "nix-homebrew": {
      "inputs": {
        "brew-src": "brew-src",
        "flake-utils": "flake-utils",
        "nix-darwin": "nix-darwin",
        "nixpkgs": "nixpkgs_3"
      },
      "locked": {
        "lastModified": 1732145543,
        "narHash": "sha256-VRQh/lvCSko9YV7haXyPt7DSp+EkgjjBv/9U4cY9c50=",
        "owner": "zhaofengli-wip",
        "repo": "nix-homebrew",
        "rev": "ac3945ee614f69ab89c6935b3f0567028de5f012",
        "type": "github"
      },
      "original": {
        "owner": "zhaofengli-wip",
        "repo": "nix-homebrew",
        "type": "github"
      }
    },
    "nix-your-shell": {
      "inputs": {
        "advisory-db": "advisory-db",
        "crane": "crane",
        "nixpkgs": [
          "nixpkgs"
        ],
        "systems": "systems_2"
      },
      "locked": {
        "lastModified": 1727198502,
        "narHash": "sha256-FjGjLq/4qeZz9foA7pfz1hiXvsdmbnzB3BpiTESLE1c=",
        "owner": "MercuryTechnologies",
        "repo": "nix-your-shell",
        "rev": "04dc6379eab87c128f2eca3f2238f533a95604b3",
        "type": "github"
      },
      "original": {
        "owner": "MercuryTechnologies",
        "repo": "nix-your-shell",
        "type": "github"
      }
    },
    "nixpkgs": {
      "locked": {
        "lastModified": 1732837521,
        "narHash": "sha256-jNRNr49UiuIwaarqijgdTR2qLPifxsVhlJrKzQ8XUIE=",
        "owner": "NixOS",
        "repo": "nixpkgs",
        "rev": "970e93b9f82e2a0f3675757eb0bfc73297cc6370",
        "type": "github"
      },
      "original": {
        "owner": "NixOS",
        "ref": "nixos-unstable",
        "repo": "nixpkgs",
        "type": "github"
      }
    },
    "nixpkgs_2": {
      "locked": {
        "lastModified": 1687274257,
        "narHash": "sha256-TutzPriQcZ8FghDhEolnHcYU2oHIG5XWF+/SUBNnAOE=",
        "path": "/nix/store/22qgs3skscd9bmrxv9xv4q5d4wwm5ppx-source",
        "rev": "2c9ecd1f0400076a4d6b2193ad468ff0a7e7fdc5",
        "type": "path"
      },
      "original": {
        "id": "nixpkgs",
        "type": "indirect"
      }
    },
    "nixpkgs_3": {
      "locked": {
        "lastModified": 1716330097,
        "narHash": "sha256-8BO3B7e3BiyIDsaKA0tY8O88rClYRTjvAp66y+VBUeU=",
        "owner": "NixOS",
        "repo": "nixpkgs",
        "rev": "5710852ba686cc1fd0d3b8e22b3117d43ba374c2",
        "type": "github"
      },
      "original": {
        "owner": "NixOS",
        "ref": "nixos-unstable",
        "repo": "nixpkgs",
        "type": "github"
      }
    },
    "nixpkgs_4": {
      "locked": {
        "lastModified": 1733015953,
        "narHash": "sha256-t4BBVpwG9B4hLgc6GUBuj3cjU7lP/PJfpTHuSqE+crk=",
        "owner": "nixos",
        "repo": "nixpkgs",
        "rev": "ac35b104800bff9028425fec3b6e8a41de2bbfff",
        "type": "github"
      },
      "original": {
        "owner": "nixos",
        "ref": "nixos-unstable",
        "repo": "nixpkgs",
        "type": "github"
      }
    },
    "root": {
      "inputs": {
        "darwin": "darwin",
        "disko": "disko",
        "home-manager": "home-manager",
        "homebrew-bundle": "homebrew-bundle",
        "homebrew-cask": "homebrew-cask",
        "homebrew-core": "homebrew-core",
        "nix-homebrew": "nix-homebrew",
        "nix-your-shell": "nix-your-shell",
        "nixpkgs": "nixpkgs_4"
      }
    },
    "systems": {
      "locked": {
        "lastModified": 1681028828,
        "narHash": "sha256-Vy1rq5AaRuLzOxct8nz4T6wlgyUR7zLU309k9mBC768=",
        "owner": "nix-systems",
        "repo": "default",
        "rev": "da67096a3b9bf56a91d16901293e51ba5b49a27e",
        "type": "github"
      },
      "original": {
        "owner": "nix-systems",
        "repo": "default",
        "type": "github"
      }
    },
    "systems_2": {
      "locked": {
        "lastModified": 1681028828,
        "narHash": "sha256-Vy1rq5AaRuLzOxct8nz4T6wlgyUR7zLU309k9mBC768=",
        "owner": "nix-systems",
        "repo": "default",
        "rev": "da67096a3b9bf56a91d16901293e51ba5b49a27e",
        "type": "github"
      },
      "original": {
        "owner": "nix-systems",
        "repo": "default",
        "type": "github"
      }
    }
  },
  "root": "root",
  "version": 7
}
